PODS:
  - VCRURLSession (2.0.2):
    - VCRURLSession/Core (= 2.0.2)
  - VCRURLSession/Core (2.0.2)

DEPENDENCIES:
  - VCRURLSession (from `../`)

EXTERNAL SOURCES:
  VCRURLSession:
    :path: "../"

SPEC CHECKSUMS:
  VCRURLSession: 1ed36dc927b6c83751c5740b63fa16588f7c9120

PODFILE CHECKSUM: dd704deeaa9457852db60909de8b776edd8fecd0

COCOAPODS: 1.11.2
