PODS:
  - VCRURLSession (2.0.0):
    - VCRURLSession/Core (= 2.0.0)
  - VCRURLSession/Core (2.0.0)

DEPENDENCIES:
  - VCRURLSession (from `../`)

EXTERNAL SOURCES:
  VCRURLSession:
    :path: "../"

SPEC CHECKSUMS:
  VCRURLSession: d2a1d010bd59d49ee8752c421159ddd750d498e1

PODFILE CHECKSUM: dd704deeaa9457852db60909de8b776edd8fecd0

COCOAPODS: 1.11.2
