PODS:
  - Nimble (9.2.1)
  - Quick (4.0.0)

DEPENDENCIES:
  - Nimble
  - Quick

SPEC REPOS:
  https://github.com/CocoaPods/Specs:
    - Nimble
    - Quick

SPEC CHECKSUMS:
  Nimble: e7e615c0335ee4bf5b0d786685451e62746117d5
  Quick: 6473349e43b9271a8d43839d9ba1c442ed1b7ac4

PODFILE CHECKSUM: 2e8afb8193edefda75bd6561a71b1668e9183a73

COCOAPODS: 1.11.2
