// !$*UTF8*$!
{
	archiveVersion = 1;
	classes = {
	};
	objectVersion = 46;
	objects = {

/* Begin PBXBuildFile section */
		0524DAF21C4F3B6D00B2DC61 /* VCRURLSessionLogger.m in Sources */ = {isa = PBXBuildFile; fileRef = 0524DAF11C4F3B6D00B2DC61 /* VCRURLSessionLogger.m */; };
		05DAD9E01C58779800899535 /* cassette3.json in Resources */ = {isa = PBXBuildFile; fileRef = 05DAD9DF1C58779800899535 /* cassette3.json */; };
		3E8DFA381C4213D200634C5E /* VCRURLSessionResponse.m in Sources */ = {isa = PBXBuildFile; fileRef = 3E8DFA371C4213D200634C5E /* VCRURLSessionResponse.m */; };
		670A40FA1C3CD85200613511 /* VCRURLSession.h in CopyFiles */ = {isa = PBXBuildFile; fileRef = 670A40F91C3CD85200613511 /* VCRURLSession.h */; };
		670A40FC1C3CD85200613511 /* VCRURLSession.m in Sources */ = {isa = PBXBuildFile; fileRef = 670A40FB1C3CD85200613511 /* VCRURLSession.m */; };
		670A410B1C3CD9AB00613511 /* libVCRURLSession.a in Frameworks */ = {isa = PBXBuildFile; fileRef = 670A40F61C3CD85200613511 /* libVCRURLSession.a */; };
		670A411C1C3CDD0800613511 /* VCRURLSessionRecorderSpec.swift in Sources */ = {isa = PBXBuildFile; fileRef = 670A411B1C3CDD0800613511 /* VCRURLSessionRecorderSpec.swift */; };
		6725C10A1C3E37A6009AAE93 /* VCRURLSessionTestsHelper.m in Sources */ = {isa = PBXBuildFile; fileRef = 6725C1091C3E37A6009AAE93 /* VCRURLSessionTestsHelper.m */; };
		6725C10C1C3E38BF009AAE93 /* cassette1.json in Resources */ = {isa = PBXBuildFile; fileRef = 6725C10B1C3E38BF009AAE93 /* cassette1.json */; };
		674770241C3D07B4004D0FCE /* VCRURLSessionCassette.m in Sources */ = {isa = PBXBuildFile; fileRef = 674770231C3D07B4004D0FCE /* VCRURLSessionCassette.m */; };
		674770361C3D1A16004D0FCE /* VCRURLSessionSpec.swift in Sources */ = {isa = PBXBuildFile; fileRef = 674770351C3D1A16004D0FCE /* VCRURLSessionSpec.swift */; };
		674770381C3E0EAC004D0FCE /* VCRURLSessionCategoriesSpec.swift in Sources */ = {isa = PBXBuildFile; fileRef = 674770371C3E0EAC004D0FCE /* VCRURLSessionCategoriesSpec.swift */; };
		674EBB151C47D9AE00F94839 /* VCRURLSessionRecordSpec.swift in Sources */ = {isa = PBXBuildFile; fileRef = 674EBB141C47D9AE00F94839 /* VCRURLSessionRecordSpec.swift */; };
		674EBB171C47E04300F94839 /* cassette2.json in Resources */ = {isa = PBXBuildFile; fileRef = 674EBB161C47E04300F94839 /* cassette2.json */; };
		6767DB711C4627180065AF25 /* NSData+VCRURLSession.m in Sources */ = {isa = PBXBuildFile; fileRef = 6767DB6A1C4627180065AF25 /* NSData+VCRURLSession.m */; };
		6767DB721C4627180065AF25 /* NSError+VCRURLSession.m in Sources */ = {isa = PBXBuildFile; fileRef = 6767DB6C1C4627180065AF25 /* NSError+VCRURLSession.m */; };
		6767DB731C4627180065AF25 /* NSHTTPURLResponse+VCRURLSession.m in Sources */ = {isa = PBXBuildFile; fileRef = 6767DB6E1C4627180065AF25 /* NSHTTPURLResponse+VCRURLSession.m */; };
		6767DB741C4627180065AF25 /* NSURLRequest+VCRURLSession.m in Sources */ = {isa = PBXBuildFile; fileRef = 6767DB701C4627180065AF25 /* NSURLRequest+VCRURLSession.m */; };
		6767DB7D1C46274D0065AF25 /* VCRURLSessionRecord.m in Sources */ = {isa = PBXBuildFile; fileRef = 6767DB771C46274D0065AF25 /* VCRURLSessionRecord.m */; };
		6767DB7E1C46274D0065AF25 /* VCRURLSessionRecorder.m in Sources */ = {isa = PBXBuildFile; fileRef = 6767DB791C46274D0065AF25 /* VCRURLSessionRecorder.m */; };
		6767DB7F1C46274D0065AF25 /* VCRURLSessionSampler.m in Sources */ = {isa = PBXBuildFile; fileRef = 6767DB7C1C46274D0065AF25 /* VCRURLSessionSampler.m */; };
		6767DB821C4627740065AF25 /* VCRURLSessionPlayer.m in Sources */ = {isa = PBXBuildFile; fileRef = 6767DB811C4627740065AF25 /* VCRURLSessionPlayer.m */; };
		6767F3041C479D9100489139 /* libz.tbd in Frameworks */ = {isa = PBXBuildFile; fileRef = 6767F3021C479D5600489139 /* libz.tbd */; };
		67693EFF1C3E4C610045F65B /* VCRURLSessionPlayerSpec.swift in Sources */ = {isa = PBXBuildFile; fileRef = 67693EFE1C3E4C610045F65B /* VCRURLSessionPlayerSpec.swift */; };
		67693F011C3E619A0045F65B /* errors.json in Resources */ = {isa = PBXBuildFile; fileRef = 67693F001C3E619A0045F65B /* errors.json */; };
		67FF72E71C435E9B006772D6 /* VCRURLSessionCassetteSpec.swift in Sources */ = {isa = PBXBuildFile; fileRef = 67FF72E61C435E9B006772D6 /* VCRURLSessionCassetteSpec.swift */; };
		8DF93E994A216B1F447A00F3 /* Pods_VCRURLSessionTests.framework in Frameworks */ = {isa = PBXBuildFile; fileRef = 6B502D62C06547B070DB99F0 /* Pods_VCRURLSessionTests.framework */; };
/* End PBXBuildFile section */

/* Begin PBXContainerItemProxy section */
		670A410C1C3CD9AB00613511 /* PBXContainerItemProxy */ = {
			isa = PBXContainerItemProxy;
			containerPortal = 670A40EE1C3CD85200613511 /* Project object */;
			proxyType = 1;
			remoteGlobalIDString = 670A40F51C3CD85200613511;
			remoteInfo = VCRURLSession;
		};
/* End PBXContainerItemProxy section */

/* Begin PBXCopyFilesBuildPhase section */
		670A40F41C3CD85200613511 /* CopyFiles */ = {
			isa = PBXCopyFilesBuildPhase;
			buildActionMask = 2147483647;
			dstPath = "include/$(PRODUCT_NAME)";
			dstSubfolderSpec = 16;
			files = (
				670A40FA1C3CD85200613511 /* VCRURLSession.h in CopyFiles */,
			);
			runOnlyForDeploymentPostprocessing = 0;
		};
/* End PBXCopyFilesBuildPhase section */

/* Begin PBXFileReference section */
		0524DAF01C4F3B6D00B2DC61 /* VCRURLSessionLogger.h */ = {isa = PBXFileReference; fileEncoding = 4; lastKnownFileType = sourcecode.c.h; path = VCRURLSessionLogger.h; sourceTree = "<group>"; };
		0524DAF11C4F3B6D00B2DC61 /* VCRURLSessionLogger.m */ = {isa = PBXFileReference; fileEncoding = 4; lastKnownFileType = sourcecode.c.objc; path = VCRURLSessionLogger.m; sourceTree = "<group>"; };
		05DAD9DF1C58779800899535 /* cassette3.json */ = {isa = PBXFileReference; fileEncoding = 4; lastKnownFileType = text.json; path = cassette3.json; sourceTree = "<group>"; };
		3E8DFA361C4213D200634C5E /* VCRURLSessionResponse.h */ = {isa = PBXFileReference; fileEncoding = 4; lastKnownFileType = sourcecode.c.h; path = VCRURLSessionResponse.h; sourceTree = "<group>"; };
		3E8DFA371C4213D200634C5E /* VCRURLSessionResponse.m */ = {isa = PBXFileReference; fileEncoding = 4; lastKnownFileType = sourcecode.c.objc; path = VCRURLSessionResponse.m; sourceTree = "<group>"; };
		670A40F61C3CD85200613511 /* libVCRURLSession.a */ = {isa = PBXFileReference; explicitFileType = archive.ar; includeInIndex = 0; path = libVCRURLSession.a; sourceTree = BUILT_PRODUCTS_DIR; };
		670A40F91C3CD85200613511 /* VCRURLSession.h */ = {isa = PBXFileReference; lastKnownFileType = sourcecode.c.h; path = VCRURLSession.h; sourceTree = "<group>"; };
		670A40FB1C3CD85200613511 /* VCRURLSession.m */ = {isa = PBXFileReference; lastKnownFileType = sourcecode.c.objc; path = VCRURLSession.m; sourceTree = "<group>"; };
		670A41061C3CD9AB00613511 /* VCRURLSessionTests.xctest */ = {isa = PBXFileReference; explicitFileType = wrapper.cfbundle; includeInIndex = 0; path = VCRURLSessionTests.xctest; sourceTree = BUILT_PRODUCTS_DIR; };
		670A410A1C3CD9AB00613511 /* Info.plist */ = {isa = PBXFileReference; lastKnownFileType = text.plist.xml; path = Info.plist; sourceTree = "<group>"; };
		670A411A1C3CDD0700613511 /* VCRURLSessionTests-Bridging-Header.h */ = {isa = PBXFileReference; lastKnownFileType = sourcecode.c.h; path = "VCRURLSessionTests-Bridging-Header.h"; sourceTree = "<group>"; };
		670A411B1C3CDD0800613511 /* VCRURLSessionRecorderSpec.swift */ = {isa = PBXFileReference; fileEncoding = 4; lastKnownFileType = sourcecode.swift; path = VCRURLSessionRecorderSpec.swift; sourceTree = "<group>"; };
		6725C1081C3E37A6009AAE93 /* VCRURLSessionTestsHelper.h */ = {isa = PBXFileReference; fileEncoding = 4; lastKnownFileType = sourcecode.c.h; path = VCRURLSessionTestsHelper.h; sourceTree = "<group>"; };
		6725C1091C3E37A6009AAE93 /* VCRURLSessionTestsHelper.m */ = {isa = PBXFileReference; fileEncoding = 4; lastKnownFileType = sourcecode.c.objc; path = VCRURLSessionTestsHelper.m; sourceTree = "<group>"; };
		6725C10B1C3E38BF009AAE93 /* cassette1.json */ = {isa = PBXFileReference; fileEncoding = 4; lastKnownFileType = text.json; path = cassette1.json; sourceTree = "<group>"; };
		674770221C3D07B4004D0FCE /* VCRURLSessionCassette.h */ = {isa = PBXFileReference; fileEncoding = 4; lastKnownFileType = sourcecode.c.h; path = VCRURLSessionCassette.h; sourceTree = "<group>"; };
		674770231C3D07B4004D0FCE /* VCRURLSessionCassette.m */ = {isa = PBXFileReference; fileEncoding = 4; lastKnownFileType = sourcecode.c.objc; path = VCRURLSessionCassette.m; sourceTree = "<group>"; };
		674770351C3D1A16004D0FCE /* VCRURLSessionSpec.swift */ = {isa = PBXFileReference; fileEncoding = 4; lastKnownFileType = sourcecode.swift; path = VCRURLSessionSpec.swift; sourceTree = "<group>"; };
		674770371C3E0EAC004D0FCE /* VCRURLSessionCategoriesSpec.swift */ = {isa = PBXFileReference; fileEncoding = 4; lastKnownFileType = sourcecode.swift; path = VCRURLSessionCategoriesSpec.swift; sourceTree = "<group>"; };
		674EBB141C47D9AE00F94839 /* VCRURLSessionRecordSpec.swift */ = {isa = PBXFileReference; fileEncoding = 4; lastKnownFileType = sourcecode.swift; path = VCRURLSessionRecordSpec.swift; sourceTree = "<group>"; };
		674EBB161C47E04300F94839 /* cassette2.json */ = {isa = PBXFileReference; fileEncoding = 4; lastKnownFileType = text.json; path = cassette2.json; sourceTree = "<group>"; };
		6767DB691C4627180065AF25 /* NSData+VCRURLSession.h */ = {isa = PBXFileReference; fileEncoding = 4; lastKnownFileType = sourcecode.c.h; path = "NSData+VCRURLSession.h"; sourceTree = "<group>"; };
		6767DB6A1C4627180065AF25 /* NSData+VCRURLSession.m */ = {isa = PBXFileReference; fileEncoding = 4; lastKnownFileType = sourcecode.c.objc; path = "NSData+VCRURLSession.m"; sourceTree = "<group>"; };
		6767DB6B1C4627180065AF25 /* NSError+VCRURLSession.h */ = {isa = PBXFileReference; fileEncoding = 4; lastKnownFileType = sourcecode.c.h; path = "NSError+VCRURLSession.h"; sourceTree = "<group>"; };
		6767DB6C1C4627180065AF25 /* NSError+VCRURLSession.m */ = {isa = PBXFileReference; fileEncoding = 4; lastKnownFileType = sourcecode.c.objc; path = "NSError+VCRURLSession.m"; sourceTree = "<group>"; };
		6767DB6D1C4627180065AF25 /* NSHTTPURLResponse+VCRURLSession.h */ = {isa = PBXFileReference; fileEncoding = 4; lastKnownFileType = sourcecode.c.h; path = "NSHTTPURLResponse+VCRURLSession.h"; sourceTree = "<group>"; };
		6767DB6E1C4627180065AF25 /* NSHTTPURLResponse+VCRURLSession.m */ = {isa = PBXFileReference; fileEncoding = 4; lastKnownFileType = sourcecode.c.objc; path = "NSHTTPURLResponse+VCRURLSession.m"; sourceTree = "<group>"; };
		6767DB6F1C4627180065AF25 /* NSURLRequest+VCRURLSession.h */ = {isa = PBXFileReference; fileEncoding = 4; lastKnownFileType = sourcecode.c.h; path = "NSURLRequest+VCRURLSession.h"; sourceTree = "<group>"; };
		6767DB701C4627180065AF25 /* NSURLRequest+VCRURLSession.m */ = {isa = PBXFileReference; fileEncoding = 4; lastKnownFileType = sourcecode.c.objc; path = "NSURLRequest+VCRURLSession.m"; sourceTree = "<group>"; };
		6767DB761C46274D0065AF25 /* VCRURLSessionRecord.h */ = {isa = PBXFileReference; fileEncoding = 4; lastKnownFileType = sourcecode.c.h; path = VCRURLSessionRecord.h; sourceTree = "<group>"; };
		6767DB771C46274D0065AF25 /* VCRURLSessionRecord.m */ = {isa = PBXFileReference; fileEncoding = 4; lastKnownFileType = sourcecode.c.objc; path = VCRURLSessionRecord.m; sourceTree = "<group>"; };
		6767DB781C46274D0065AF25 /* VCRURLSessionRecorder.h */ = {isa = PBXFileReference; fileEncoding = 4; lastKnownFileType = sourcecode.c.h; path = VCRURLSessionRecorder.h; sourceTree = "<group>"; };
		6767DB791C46274D0065AF25 /* VCRURLSessionRecorder.m */ = {isa = PBXFileReference; fileEncoding = 4; lastKnownFileType = sourcecode.c.objc; path = VCRURLSessionRecorder.m; sourceTree = "<group>"; };
		6767DB7B1C46274D0065AF25 /* VCRURLSessionSampler.h */ = {isa = PBXFileReference; fileEncoding = 4; lastKnownFileType = sourcecode.c.h; path = VCRURLSessionSampler.h; sourceTree = "<group>"; };
		6767DB7C1C46274D0065AF25 /* VCRURLSessionSampler.m */ = {isa = PBXFileReference; fileEncoding = 4; lastKnownFileType = sourcecode.c.objc; path = VCRURLSessionSampler.m; sourceTree = "<group>"; };
		6767DB801C4627740065AF25 /* VCRURLSessionPlayer.h */ = {isa = PBXFileReference; fileEncoding = 4; lastKnownFileType = sourcecode.c.h; path = VCRURLSessionPlayer.h; sourceTree = "<group>"; };
		6767DB811C4627740065AF25 /* VCRURLSessionPlayer.m */ = {isa = PBXFileReference; fileEncoding = 4; lastKnownFileType = sourcecode.c.objc; path = VCRURLSessionPlayer.m; sourceTree = "<group>"; };
		6767DB831C462BE00065AF25 /* VCRURLSessionPlayerDelegate.h */ = {isa = PBXFileReference; fileEncoding = 4; lastKnownFileType = sourcecode.c.h; path = VCRURLSessionPlayerDelegate.h; sourceTree = "<group>"; };
		6767DB841C462BE00065AF25 /* VCRURLSessionRecorderDelegate.h */ = {isa = PBXFileReference; fileEncoding = 4; lastKnownFileType = sourcecode.c.h; path = VCRURLSessionRecorderDelegate.h; sourceTree = "<group>"; };
		6767F3021C479D5600489139 /* libz.tbd */ = {isa = PBXFileReference; lastKnownFileType = "sourcecode.text-based-dylib-definition"; name = libz.tbd; path = usr/lib/libz.tbd; sourceTree = SDKROOT; };
		67693EFD1C3E489A0045F65B /* VCRURLSessionReplayMode.h */ = {isa = PBXFileReference; lastKnownFileType = sourcecode.c.h; path = VCRURLSessionReplayMode.h; sourceTree = "<group>"; };
		67693EFE1C3E4C610045F65B /* VCRURLSessionPlayerSpec.swift */ = {isa = PBXFileReference; fileEncoding = 4; lastKnownFileType = sourcecode.swift; path = VCRURLSessionPlayerSpec.swift; sourceTree = "<group>"; };
		67693F001C3E619A0045F65B /* errors.json */ = {isa = PBXFileReference; fileEncoding = 4; lastKnownFileType = text.json; path = errors.json; sourceTree = "<group>"; };
		67FF72E61C435E9B006772D6 /* VCRURLSessionCassetteSpec.swift */ = {isa = PBXFileReference; fileEncoding = 4; lastKnownFileType = sourcecode.swift; path = VCRURLSessionCassetteSpec.swift; sourceTree = "<group>"; };
		6B502D62C06547B070DB99F0 /* Pods_VCRURLSessionTests.framework */ = {isa = PBXFileReference; explicitFileType = wrapper.framework; includeInIndex = 0; path = Pods_VCRURLSessionTests.framework; sourceTree = BUILT_PRODUCTS_DIR; };
		C6D7EE85B2B822B6B259E42B /* Pods-VCRURLSessionTests.debug.xcconfig */ = {isa = PBXFileReference; includeInIndex = 1; lastKnownFileType = text.xcconfig; name = "Pods-VCRURLSessionTests.debug.xcconfig"; path = "Pods/Target Support Files/Pods-VCRURLSessionTests/Pods-VCRURLSessionTests.debug.xcconfig"; sourceTree = "<group>"; };
		D697489B0B99E51CC2DC8613 /* Pods-VCRURLSessionTests.release.xcconfig */ = {isa = PBXFileReference; includeInIndex = 1; lastKnownFileType = text.xcconfig; name = "Pods-VCRURLSessionTests.release.xcconfig"; path = "Pods/Target Support Files/Pods-VCRURLSessionTests/Pods-VCRURLSessionTests.release.xcconfig"; sourceTree = "<group>"; };
/* End PBXFileReference section */

/* Begin PBXFrameworksBuildPhase section */
		670A40F31C3CD85200613511 /* Frameworks */ = {
			isa = PBXFrameworksBuildPhase;
			buildActionMask = 2147483647;
			files = (
			);
			runOnlyForDeploymentPostprocessing = 0;
		};
		670A41031C3CD9AB00613511 /* Frameworks */ = {
			isa = PBXFrameworksBuildPhase;
			buildActionMask = 2147483647;
			files = (
				6767F3041C479D9100489139 /* libz.tbd in Frameworks */,
				670A410B1C3CD9AB00613511 /* libVCRURLSession.a in Frameworks */,
				8DF93E994A216B1F447A00F3 /* Pods_VCRURLSessionTests.framework in Frameworks */,
			);
			runOnlyForDeploymentPostprocessing = 0;
		};
/* End PBXFrameworksBuildPhase section */

/* Begin PBXGroup section */
		5C0A20D2E449E4E09EDAD466 /* Pods */ = {
			isa = PBXGroup;
			children = (
				C6D7EE85B2B822B6B259E42B /* Pods-VCRURLSessionTests.debug.xcconfig */,
				D697489B0B99E51CC2DC8613 /* Pods-VCRURLSessionTests.release.xcconfig */,
			);
			name = Pods;
			sourceTree = "<group>";
		};
		670A40ED1C3CD85200613511 = {
			isa = PBXGroup;
			children = (
				670A40F81C3CD85200613511 /* VCRURLSession */,
				670A41071C3CD9AB00613511 /* VCRURLSessionTests */,
				670A40F71C3CD85200613511 /* Products */,
				FA719F5BBD2CA406DFC0F725 /* Frameworks */,
				5C0A20D2E449E4E09EDAD466 /* Pods */,
			);
			sourceTree = "<group>";
		};
		670A40F71C3CD85200613511 /* Products */ = {
			isa = PBXGroup;
			children = (
				670A40F61C3CD85200613511 /* libVCRURLSession.a */,
				670A41061C3CD9AB00613511 /* VCRURLSessionTests.xctest */,
			);
			name = Products;
			sourceTree = "<group>";
		};
		670A40F81C3CD85200613511 /* VCRURLSession */ = {
			isa = PBXGroup;
			children = (
				6767DB681C4627180065AF25 /* Private */,
				670A40F91C3CD85200613511 /* VCRURLSession.h */,
				670A40FB1C3CD85200613511 /* VCRURLSession.m */,
				674770221C3D07B4004D0FCE /* VCRURLSessionCassette.h */,
				674770231C3D07B4004D0FCE /* VCRURLSessionCassette.m */,
				0524DAF01C4F3B6D00B2DC61 /* VCRURLSessionLogger.h */,
				0524DAF11C4F3B6D00B2DC61 /* VCRURLSessionLogger.m */,
				6767DB831C462BE00065AF25 /* VCRURLSessionPlayerDelegate.h */,
				6767DB841C462BE00065AF25 /* VCRURLSessionRecorderDelegate.h */,
				67693EFD1C3E489A0045F65B /* VCRURLSessionReplayMode.h */,
				3E8DFA361C4213D200634C5E /* VCRURLSessionResponse.h */,
				3E8DFA371C4213D200634C5E /* VCRURLSessionResponse.m */,
			);
			path = VCRURLSession;
			sourceTree = "<group>";
		};
		670A41071C3CD9AB00613511 /* VCRURLSessionTests */ = {
			isa = PBXGroup;
			children = (
				6725C1071C3E3645009AAE93 /* Cassettes */,
				6725C10D1C3E39C3009AAE93 /* Helper */,
				670A411D1C3CDD2100613511 /* Resources */,
				67FF72E61C435E9B006772D6 /* VCRURLSessionCassetteSpec.swift */,
				674770371C3E0EAC004D0FCE /* VCRURLSessionCategoriesSpec.swift */,
				67693EFE1C3E4C610045F65B /* VCRURLSessionPlayerSpec.swift */,
				670A411B1C3CDD0800613511 /* VCRURLSessionRecorderSpec.swift */,
				674EBB141C47D9AE00F94839 /* VCRURLSessionRecordSpec.swift */,
				674770351C3D1A16004D0FCE /* VCRURLSessionSpec.swift */,
			);
			path = VCRURLSessionTests;
			sourceTree = "<group>";
		};
		670A411D1C3CDD2100613511 /* Resources */ = {
			isa = PBXGroup;
			children = (
				670A410A1C3CD9AB00613511 /* Info.plist */,
				670A411A1C3CDD0700613511 /* VCRURLSessionTests-Bridging-Header.h */,
			);
			name = Resources;
			sourceTree = "<group>";
		};
		6725C1071C3E3645009AAE93 /* Cassettes */ = {
			isa = PBXGroup;
			children = (
				6725C10B1C3E38BF009AAE93 /* cassette1.json */,
				674EBB161C47E04300F94839 /* cassette2.json */,
				05DAD9DF1C58779800899535 /* cassette3.json */,
				67693F001C3E619A0045F65B /* errors.json */,
			);
			path = Cassettes;
			sourceTree = "<group>";
		};
		6725C10D1C3E39C3009AAE93 /* Helper */ = {
			isa = PBXGroup;
			children = (
				6725C1081C3E37A6009AAE93 /* VCRURLSessionTestsHelper.h */,
				6725C1091C3E37A6009AAE93 /* VCRURLSessionTestsHelper.m */,
			);
			name = Helper;
			sourceTree = "<group>";
		};
		6767DB681C4627180065AF25 /* Private */ = {
			isa = PBXGroup;
			children = (
				6767DB691C4627180065AF25 /* NSData+VCRURLSession.h */,
				6767DB6A1C4627180065AF25 /* NSData+VCRURLSession.m */,
				6767DB6B1C4627180065AF25 /* NSError+VCRURLSession.h */,
				6767DB6C1C4627180065AF25 /* NSError+VCRURLSession.m */,
				6767DB6D1C4627180065AF25 /* NSHTTPURLResponse+VCRURLSession.h */,
				6767DB6E1C4627180065AF25 /* NSHTTPURLResponse+VCRURLSession.m */,
				6767DB6F1C4627180065AF25 /* NSURLRequest+VCRURLSession.h */,
				6767DB701C4627180065AF25 /* NSURLRequest+VCRURLSession.m */,
				6767DB801C4627740065AF25 /* VCRURLSessionPlayer.h */,
				6767DB811C4627740065AF25 /* VCRURLSessionPlayer.m */,
				6767DB761C46274D0065AF25 /* VCRURLSessionRecord.h */,
				6767DB771C46274D0065AF25 /* VCRURLSessionRecord.m */,
				6767DB781C46274D0065AF25 /* VCRURLSessionRecorder.h */,
				6767DB791C46274D0065AF25 /* VCRURLSessionRecorder.m */,
				6767DB7B1C46274D0065AF25 /* VCRURLSessionSampler.h */,
				6767DB7C1C46274D0065AF25 /* VCRURLSessionSampler.m */,
			);
			path = Private;
			sourceTree = "<group>";
		};
		FA719F5BBD2CA406DFC0F725 /* Frameworks */ = {
			isa = PBXGroup;
			children = (
				6767F3021C479D5600489139 /* libz.tbd */,
				6B502D62C06547B070DB99F0 /* Pods_VCRURLSessionTests.framework */,
			);
			name = Frameworks;
			sourceTree = "<group>";
		};
/* End PBXGroup section */

/* Begin PBXNativeTarget section */
		670A40F51C3CD85200613511 /* VCRURLSession */ = {
			isa = PBXNativeTarget;
			buildConfigurationList = 670A40FF1C3CD85200613511 /* Build configuration list for PBXNativeTarget "VCRURLSession" */;
			buildPhases = (
				670A40F21C3CD85200613511 /* Sources */,
				670A40F31C3CD85200613511 /* Frameworks */,
				670A40F41C3CD85200613511 /* CopyFiles */,
			);
			buildRules = (
			);
			dependencies = (
			);
			name = VCRURLSession;
			productName = VCRURLSession;
			productReference = 670A40F61C3CD85200613511 /* libVCRURLSession.a */;
			productType = "com.apple.product-type.library.static";
		};
		670A41051C3CD9AB00613511 /* VCRURLSessionTests */ = {
			isa = PBXNativeTarget;
			buildConfigurationList = 670A410E1C3CD9AB00613511 /* Build configuration list for PBXNativeTarget "VCRURLSessionTests" */;
			buildPhases = (
				B89E5DF42E5FD09FDF6CBD0E /* [CP] Check Pods Manifest.lock */,
				670A41021C3CD9AB00613511 /* Sources */,
				670A41031C3CD9AB00613511 /* Frameworks */,
				670A41041C3CD9AB00613511 /* Resources */,
				56608A32461733D2C0591ABE /* [CP] Embed Pods Frameworks */,
				1382D66BBDD8415919DCCDF4 /* [CP] Copy Pods Resources */,
			);
			buildRules = (
			);
			dependencies = (
				670A410D1C3CD9AB00613511 /* PBXTargetDependency */,
			);
			name = VCRURLSessionTests;
			productName = VCRURLSessionTests;
			productReference = 670A41061C3CD9AB00613511 /* VCRURLSessionTests.xctest */;
			productType = "com.apple.product-type.bundle.unit-test";
		};
/* End PBXNativeTarget section */

/* Begin PBXProject section */
		670A40EE1C3CD85200613511 /* Project object */ = {
			isa = PBXProject;
			attributes = {
				LastUpgradeCheck = 0820;
				ORGANIZATIONNAME = "Johannes Plunien";
				TargetAttributes = {
					670A40F51C3CD85200613511 = {
						CreatedOnToolsVersion = 7.2;
					};
					670A41051C3CD9AB00613511 = {
						CreatedOnToolsVersion = 7.2;
						LastSwiftMigration = 0820;
					};
				};
			};
			buildConfigurationList = 670A40F11C3CD85200613511 /* Build configuration list for PBXProject "VCRURLSession" */;
			compatibilityVersion = "Xcode 3.2";
			developmentRegion = English;
			hasScannedForEncodings = 0;
			knownRegions = (
				en,
			);
			mainGroup = 670A40ED1C3CD85200613511;
			productRefGroup = 670A40F71C3CD85200613511 /* Products */;
			projectDirPath = "";
			projectRoot = "";
			targets = (
				670A40F51C3CD85200613511 /* VCRURLSession */,
				670A41051C3CD9AB00613511 /* VCRURLSessionTests */,
			);
		};
/* End PBXProject section */

/* Begin PBXResourcesBuildPhase section */
		670A41041C3CD9AB00613511 /* Resources */ = {
			isa = PBXResourcesBuildPhase;
			buildActionMask = 2147483647;
			files = (
				67693F011C3E619A0045F65B /* errors.json in Resources */,
				05DAD9E01C58779800899535 /* cassette3.json in Resources */,
				674EBB171C47E04300F94839 /* cassette2.json in Resources */,
				6725C10C1C3E38BF009AAE93 /* cassette1.json in Resources */,
			);
			runOnlyForDeploymentPostprocessing = 0;
		};
/* End PBXResourcesBuildPhase section */

/* Begin PBXShellScriptBuildPhase section */
		1382D66BBDD8415919DCCDF4 /* [CP] Copy Pods Resources */ = {
			isa = PBXShellScriptBuildPhase;
			buildActionMask = 2147483647;
			files = (
			);
			inputPaths = (
			);
			name = "[CP] Copy Pods Resources";
			outputPaths = (
			);
			runOnlyForDeploymentPostprocessing = 0;
			shellPath = /bin/sh;
			shellScript = "\"${SRCROOT}/Pods/Target Support Files/Pods-VCRURLSessionTests/Pods-VCRURLSessionTests-resources.sh\"\n";
			showEnvVarsInLog = 0;
		};
		56608A32461733D2C0591ABE /* [CP] Embed Pods Frameworks */ = {
			isa = PBXShellScriptBuildPhase;
			buildActionMask = 2147483647;
			files = (
			);
			inputPaths = (
			);
			name = "[CP] Embed Pods Frameworks";
			outputPaths = (
			);
			runOnlyForDeploymentPostprocessing = 0;
			shellPath = /bin/sh;
			shellScript = "\"${SRCROOT}/Pods/Target Support Files/Pods-VCRURLSessionTests/Pods-VCRURLSessionTests-frameworks.sh\"\n";
			showEnvVarsInLog = 0;
		};
		B89E5DF42E5FD09FDF6CBD0E /* [CP] Check Pods Manifest.lock */ = {
			isa = PBXShellScriptBuildPhase;
			buildActionMask = 2147483647;
			files = (
			);
			inputPaths = (
			);
			name = "[CP] Check Pods Manifest.lock";
			outputPaths = (
			);
			runOnlyForDeploymentPostprocessing = 0;
			shellPath = /bin/sh;
			shellScript = "diff \"${PODS_ROOT}/../Podfile.lock\" \"${PODS_ROOT}/Manifest.lock\" > /dev/null\nif [ $? != 0 ] ; then\n    # print error to STDERR\n    echo \"error: The sandbox is not in sync with the Podfile.lock. Run 'pod install' or update your CocoaPods installation.\" >&2\n    exit 1\nfi\n";
			showEnvVarsInLog = 0;
		};
/* End PBXShellScriptBuildPhase section */

/* Begin PBXSourcesBuildPhase section */
		670A40F21C3CD85200613511 /* Sources */ = {
			isa = PBXSourcesBuildPhase;
			buildActionMask = 2147483647;
			files = (
				674770241C3D07B4004D0FCE /* VCRURLSessionCassette.m in Sources */,
				6767DB821C4627740065AF25 /* VCRURLSessionPlayer.m in Sources */,
				6767DB711C4627180065AF25 /* NSData+VCRURLSession.m in Sources */,
				6767DB741C4627180065AF25 /* NSURLRequest+VCRURLSession.m in Sources */,
				6767DB7F1C46274D0065AF25 /* VCRURLSessionSampler.m in Sources */,
				6767DB7D1C46274D0065AF25 /* VCRURLSessionRecord.m in Sources */,
				0524DAF21C4F3B6D00B2DC61 /* VCRURLSessionLogger.m in Sources */,
				3E8DFA381C4213D200634C5E /* VCRURLSessionResponse.m in Sources */,
				6767DB721C4627180065AF25 /* NSError+VCRURLSession.m in Sources */,
				6767DB7E1C46274D0065AF25 /* VCRURLSessionRecorder.m in Sources */,
				670A40FC1C3CD85200613511 /* VCRURLSession.m in Sources */,
				6767DB731C4627180065AF25 /* NSHTTPURLResponse+VCRURLSession.m in Sources */,
			);
			runOnlyForDeploymentPostprocessing = 0;
		};
		670A41021C3CD9AB00613511 /* Sources */ = {
			isa = PBXSourcesBuildPhase;
			buildActionMask = 2147483647;
			files = (
				674770381C3E0EAC004D0FCE /* VCRURLSessionCategoriesSpec.swift in Sources */,
				670A411C1C3CDD0800613511 /* VCRURLSessionRecorderSpec.swift in Sources */,
				67FF72E71C435E9B006772D6 /* VCRURLSessionCassetteSpec.swift in Sources */,
				67693EFF1C3E4C610045F65B /* VCRURLSessionPlayerSpec.swift in Sources */,
				674EBB151C47D9AE00F94839 /* VCRURLSessionRecordSpec.swift in Sources */,
				6725C10A1C3E37A6009AAE93 /* VCRURLSessionTestsHelper.m in Sources */,
				674770361C3D1A16004D0FCE /* VCRURLSessionSpec.swift in Sources */,
			);
			runOnlyForDeploymentPostprocessing = 0;
		};
/* End PBXSourcesBuildPhase section */

/* Begin PBXTargetDependency section */
		670A410D1C3CD9AB00613511 /* PBXTargetDependency */ = {
			isa = PBXTargetDependency;
			target = 670A40F51C3CD85200613511 /* VCRURLSession */;
			targetProxy = 670A410C1C3CD9AB00613511 /* PBXContainerItemProxy */;
		};
/* End PBXTargetDependency section */

/* Begin XCBuildConfiguration section */
		670A40FD1C3CD85200613511 /* Debug */ = {
			isa = XCBuildConfiguration;
			buildSettings = {
				ALWAYS_SEARCH_USER_PATHS = NO;
				CLANG_CXX_LANGUAGE_STANDARD = "gnu++0x";
				CLANG_CXX_LIBRARY = "libc++";
				CLANG_ENABLE_MODULES = YES;
				CLANG_ENABLE_OBJC_ARC = YES;
				CLANG_WARN_BOOL_CONVERSION = YES;
				CLANG_WARN_CONSTANT_CONVERSION = YES;
				CLANG_WARN_DIRECT_OBJC_ISA_USAGE = YES_ERROR;
				CLANG_WARN_EMPTY_BODY = YES;
				CLANG_WARN_ENUM_CONVERSION = YES;
				CLANG_WARN_INFINITE_RECURSION = YES;
				CLANG_WARN_INT_CONVERSION = YES;
				CLANG_WARN_OBJC_ROOT_CLASS = YES_ERROR;
				CLANG_WARN_SUSPICIOUS_MOVE = YES;
				CLANG_WARN_UNREACHABLE_CODE = YES;
				CLANG_WARN__DUPLICATE_METHOD_MATCH = YES;
				"CODE_SIGN_IDENTITY[sdk=iphoneos*]" = "iPhone Developer";
				COPY_PHASE_STRIP = NO;
				DEBUG_INFORMATION_FORMAT = dwarf;
				ENABLE_STRICT_OBJC_MSGSEND = YES;
				ENABLE_TESTABILITY = YES;
				GCC_C_LANGUAGE_STANDARD = gnu99;
				GCC_DYNAMIC_NO_PIC = NO;
				GCC_NO_COMMON_BLOCKS = YES;
				GCC_OPTIMIZATION_LEVEL = 0;
				GCC_PREPROCESSOR_DEFINITIONS = (
					"DEBUG=1",
					"$(inherited)",
				);
				GCC_WARN_64_TO_32_BIT_CONVERSION = YES;
				GCC_WARN_ABOUT_RETURN_TYPE = YES_ERROR;
				GCC_WARN_UNDECLARED_SELECTOR = YES;
				GCC_WARN_UNINITIALIZED_AUTOS = YES_AGGRESSIVE;
				GCC_WARN_UNUSED_FUNCTION = YES;
				GCC_WARN_UNUSED_VARIABLE = YES;
				IPHONEOS_DEPLOYMENT_TARGET = 8.0;
				MTL_ENABLE_DEBUG_INFO = YES;
				ONLY_ACTIVE_ARCH = YES;
				SDKROOT = iphoneos;
			};
			name = Debug;
		};
		670A40FE1C3CD85200613511 /* Release */ = {
			isa = XCBuildConfiguration;
			buildSettings = {
				ALWAYS_SEARCH_USER_PATHS = NO;
				CLANG_CXX_LANGUAGE_STANDARD = "gnu++0x";
				CLANG_CXX_LIBRARY = "libc++";
				CLANG_ENABLE_MODULES = YES;
				CLANG_ENABLE_OBJC_ARC = YES;
				CLANG_WARN_BOOL_CONVERSION = YES;
				CLANG_WARN_CONSTANT_CONVERSION = YES;
				CLANG_WARN_DIRECT_OBJC_ISA_USAGE = YES_ERROR;
				CLANG_WARN_EMPTY_BODY = YES;
				CLANG_WARN_ENUM_CONVERSION = YES;
				CLANG_WARN_INFINITE_RECURSION = YES;
				CLANG_WARN_INT_CONVERSION = YES;
				CLANG_WARN_OBJC_ROOT_CLASS = YES_ERROR;
				CLANG_WARN_SUSPICIOUS_MOVE = YES;
				CLANG_WARN_UNREACHABLE_CODE = YES;
				CLANG_WARN__DUPLICATE_METHOD_MATCH = YES;
				"CODE_SIGN_IDENTITY[sdk=iphoneos*]" = "iPhone Developer";
				COPY_PHASE_STRIP = NO;
				DEBUG_INFORMATION_FORMAT = "dwarf-with-dsym";
				ENABLE_NS_ASSERTIONS = NO;
				ENABLE_STRICT_OBJC_MSGSEND = YES;
				GCC_C_LANGUAGE_STANDARD = gnu99;
				GCC_NO_COMMON_BLOCKS = YES;
				GCC_WARN_64_TO_32_BIT_CONVERSION = YES;
				GCC_WARN_ABOUT_RETURN_TYPE = YES_ERROR;
				GCC_WARN_UNDECLARED_SELECTOR = YES;
				GCC_WARN_UNINITIALIZED_AUTOS = YES_AGGRESSIVE;
				GCC_WARN_UNUSED_FUNCTION = YES;
				GCC_WARN_UNUSED_VARIABLE = YES;
				IPHONEOS_DEPLOYMENT_TARGET = 8.0;
				MTL_ENABLE_DEBUG_INFO = NO;
				SDKROOT = iphoneos;
				SWIFT_OPTIMIZATION_LEVEL = "-Owholemodule";
				VALIDATE_PRODUCT = YES;
			};
			name = Release;
		};
		670A41001C3CD85200613511 /* Debug */ = {
			isa = XCBuildConfiguration;
			buildSettings = {
				OTHER_LDFLAGS = "-ObjC";
				PRODUCT_NAME = "$(TARGET_NAME)";
				SKIP_INSTALL = YES;
			};
			name = Debug;
		};
		670A41011C3CD85200613511 /* Release */ = {
			isa = XCBuildConfiguration;
			buildSettings = {
				OTHER_LDFLAGS = "-ObjC";
				PRODUCT_NAME = "$(TARGET_NAME)";
				SKIP_INSTALL = YES;
			};
			name = Release;
		};
		670A410F1C3CD9AB00613511 /* Debug */ = {
			isa = XCBuildConfiguration;
			baseConfigurationReference = C6D7EE85B2B822B6B259E42B /* Pods-VCRURLSessionTests.debug.xcconfig */;
			buildSettings = {
				ALWAYS_EMBED_SWIFT_STANDARD_LIBRARIES = YES;
				CLANG_ENABLE_MODULES = YES;
				GCC_PREPROCESSOR_DEFINITIONS = (
					"$(inherited)",
					"COCOAPODS=1",
					"CASSETTES_ROOT=\"\\\"$(SOURCE_ROOT)/VCRURLSessionTests/Cassettes\\\"\"",
				);
				INFOPLIST_FILE = VCRURLSessionTests/Info.plist;
				LD_RUNPATH_SEARCH_PATHS = "$(inherited) @executable_path/Frameworks @loader_path/Frameworks";
				OTHER_LDFLAGS = (
					"$(inherited)",
					"-framework",
					"\"Nimble\"",
					"-framework",
					"\"Quick\"",
					"-ObjC",
				);
				PRODUCT_BUNDLE_IDENTIFIER = com.plunien.VCRURLSessionTests;
				PRODUCT_NAME = "$(TARGET_NAME)";
				SWIFT_OBJC_BRIDGING_HEADER = "VCRURLSessionTests/VCRURLSessionTests-Bridging-Header.h";
				SWIFT_OPTIMIZATION_LEVEL = "-Onone";
				SWIFT_VERSION = 3.0;
			};
			name = Debug;
		};
		670A41101C3CD9AB00613511 /* Release */ = {
			isa = XCBuildConfiguration;
			baseConfigurationReference = D697489B0B99E51CC2DC8613 /* Pods-VCRURLSessionTests.release.xcconfig */;
			buildSettings = {
				ALWAYS_EMBED_SWIFT_STANDARD_LIBRARIES = YES;
				CLANG_ENABLE_MODULES = YES;
				INFOPLIST_FILE = VCRURLSessionTests/Info.plist;
				LD_RUNPATH_SEARCH_PATHS = "$(inherited) @executable_path/Frameworks @loader_path/Frameworks";
				OTHER_LDFLAGS = (
					"$(inherited)",
					"-framework",
					"\"Nimble\"",
					"-framework",
					"\"Quick\"",
					"-ObjC",
				);
				PRODUCT_BUNDLE_IDENTIFIER = com.plunien.VCRURLSessionTests;
				PRODUCT_NAME = "$(TARGET_NAME)";
				SWIFT_OBJC_BRIDGING_HEADER = "VCRURLSessionTests/VCRURLSessionTests-Bridging-Header.h";
				SWIFT_VERSION = 3.0;
			};
			name = Release;
		};
/* End XCBuildConfiguration section */

/* Begin XCConfigurationList section */
		670A40F11C3CD85200613511 /* Build configuration list for PBXProject "VCRURLSession" */ = {
			isa = XCConfigurationList;
			buildConfigurations = (
				670A40FD1C3CD85200613511 /* Debug */,
				670A40FE1C3CD85200613511 /* Release */,
			);
			defaultConfigurationIsVisible = 0;
			defaultConfigurationName = Release;
		};
		670A40FF1C3CD85200613511 /* Build configuration list for PBXNativeTarget "VCRURLSession" */ = {
			isa = XCConfigurationList;
			buildConfigurations = (
				670A41001C3CD85200613511 /* Debug */,
				670A41011C3CD85200613511 /* Release */,
			);
			defaultConfigurationIsVisible = 0;
			defaultConfigurationName = Release;
		};
		670A410E1C3CD9AB00613511 /* Build configuration list for PBXNativeTarget "VCRURLSessionTests" */ = {
			isa = XCConfigurationList;
			buildConfigurations = (
				670A410F1C3CD9AB00613511 /* Debug */,
				670A41101C3CD9AB00613511 /* Release */,
			);
			defaultConfigurationIsVisible = 0;
			defaultConfigurationName = Release;
		};
/* End XCConfigurationList section */
	};
	rootObject = 670A40EE1C3CD85200613511 /* Project object */;
}
